
Microsoft Visual Studio Solution File, Format Version 12.00
# Visual Studio Version 16
VisualStudioVersion = 16.0.31729.503
MinimumVisualStudioVersion = 10.0.40219.1
Project("{FAE04EC0-301F-11D3-BF4B-00C04F79EFBC}") = "Task 3", "Task 3\Task 3.csproj", "{17025A3B-D483-480A-824D-D6BD67454E40}"
EndProject
Global
	GlobalSection(SolutionConfigurationPlatforms) = preSolution
		Debug|Any CPU = Debug|Any CPU
		Release|Any CPU = Release|Any CPU
	EndGlobalSection
	GlobalSection(ProjectConfigurationPlatforms) = postSolution
		{17025A3B-D483-480A-824D-D6BD67454E40}.Debug|Any CPU.ActiveCfg = Debug|Any CPU
		{17025A3B-D483-480A-824D-D6BD67454E40}.Debug|Any CPU.Build.0 = Debug|Any CPU
		{17025A3B-D483-480A-824D-D6BD67454E40}.Release|Any CPU.ActiveCfg = Release|Any CPU
		{17025A3B-D483-480A-824D-D6BD67454E40}.Release|Any CPU.Build.0 = Release|Any CPU
	EndGlobalSection
	GlobalSection(SolutionProperties) = preSolution
		HideSolutionNode = FALSE
	EndGlobalSection
	GlobalSection(ExtensibilityGlobals) = postSolution
		SolutionGuid = {FE673141-1976-41A3-8058-414AC880FB98}
	EndGlobalSection
EndGlobal
